<?xml version="1.0" encoding="utf-8"?>
<Project ToolsVersion="4.0" xmlns="http://schemas.microsoft.com/developer/msbuild/2003">
  <ItemGroup>
    <Filter Include="storage">
      <UniqueIdentifier>{727d5a34-34f3-4eba-ade7-cdf213c81dfb}</UniqueIdentifier>
    </Filter>
    <Filter Include="purchase">
      <UniqueIdentifier>{5ca895da-3db5-4cff-9ac0-1ce86b40268f}</UniqueIdentifier>
    </Filter>
    <Filter Include="report">
      <UniqueIdentifier>{d74e76a5-f493-4f15-b63c-986a1fa9299f}</UniqueIdentifier>
    </Filter>
    <Filter Include="domain">
      <UniqueIdentifier>{02852f2c-e08b-4482-8a90-6d78f176e472}</UniqueIdentifier>
    </Filter>
    <Filter Include="domain\book">
      <UniqueIdentifier>{aceec431-e7ec-47f4-8057-b8ed75a0797e}</UniqueIdentifier>
    </Filter>
    <Filter Include="domain\country">
      <UniqueIdentifier>{6931d4a8-950f-404a-8279-0cf07e61a87c}</UniqueIdentifier>
    </Filter>
  </ItemGroup>
  <ItemGroup>
    <ClInclude Include="storage\InMemoryRepository.h">
      <Filter>storage</Filter>
    </ClInclude>
    <ClInclude Include="domain\book\NovelBuilder.h">
      <Filter>domain\book</Filter>
    </ClInclude>
    <ClInclude Include="domain\country\TestCountries.h">
      <Filter>domain\country</Filter>
    </ClInclude>
  </ItemGroup>
  <ItemGroup>
    <None Include="packages.config" />
  </ItemGroup>
  <ItemGroup>
    <ClCompile Include="InMemoryRepository.cpp">
      <Filter>storage</Filter>
    </ClCompile>
    <ClCompile Include="Tests.cpp" />
    <ClCompile Include="report\ReportGeneratorTest.cpp">
      <Filter>report</Filter>
    </ClCompile>
    <ClCompile Include="purchase\InvoiceTest.cpp">
      <Filter>purchase</Filter>
    </ClCompile>
  </ItemGroup>
</Project>