<?xml version="1.0" encoding="utf-8"?>
<Project ToolsVersion="4.0" xmlns="http://schemas.microsoft.com/developer/msbuild/2003">
  <ItemGroup>
    <Filter Include="storage">
      <UniqueIdentifier>{727d5a34-34f3-4eba-ade7-cdf213c81dfb}</UniqueIdentifier>
    </Filter>
    <Filter Include="purchase">
      <UniqueIdentifier>{5ca895da-3db5-4cff-9ac0-1ce86b40268f}</UniqueIdentifier>
    </Filter>
    <Filter Include="report">
      <UniqueIdentifier>{d74e76a5-f493-4f15-b63c-986a1fa9299f}</UniqueIdentifier>
    </Filter>
    <Filter Include="domain">
      <UniqueIdentifier>{d13ec0c6-696b-4f16-ac33-4f264e033df4}</UniqueIdentifier>
    </Filter>
    <Filter Include="domain\book">
      <UniqueIdentifier>{f2b5c0ed-9027-4a12-a06f-510a75969626}</UniqueIdentifier>
    </Filter>
    <Filter Include="domain\country">
      <UniqueIdentifier>{29206ea6-e9fe-438f-b9d5-f8632e53f27e}</UniqueIdentifier>
    </Filter>
  </ItemGroup>
  <ItemGroup>
    <ClInclude Include="storage\InMemoryRepository.h">
      <Filter>storage</Filter>
    </ClInclude>
    <ClInclude Include="HeaderTemplate.h" />
    <ClInclude Include="domain\country\TestCountries.h">
      <Filter>domain\country</Filter>
    </ClInclude>
  </ItemGroup>
  <ItemGroup>
    <None Include="packages.config" />
  </ItemGroup>
  <ItemGroup>
    <ClCompile Include="InMemoryRepository.cpp">
      <Filter>storage</Filter>
    </ClCompile>
    <ClCompile Include="Tests.cpp" />
    <ClCompile Include="report\ReportGeneratorTest.cpp">
      <Filter>report</Filter>
    </ClCompile>
    <ClCompile Include="purchase\InvoiceTest.cpp">
      <Filter>purchase</Filter>
    </ClCompile>
  </ItemGroup>
</Project>